<?xml version="1.0" encoding="utf-8"?>
<Project ToolsVersion="4.0" xmlns="http://schemas.microsoft.com/developer/msbuild/2003">
  <ItemGroup>
    <Filter Include="Source Files">
      <UniqueIdentifier>{4FC737F1-C7A5-4376-A066-2A32D752A2FF}</UniqueIdentifier>
      <Extensions>cpp;c;cc;cxx;c++;cppm;ixx;def;odl;idl;hpj;bat;asm;asmx</Extensions>
    </Filter>
    <Filter Include="Header Files">
      <UniqueIdentifier>{93995380-89BD-4b04-88EB-625FBE52EBFB}</UniqueIdentifier>
      <Extensions>h;hh;hpp;hxx;h++;hm;inl;inc;ipp;xsd</Extensions>
    </Filter>
    <Filter Include="Resource Files">
      <UniqueIdentifier>{67DA6AB6-F800-4c08-8B7A-83BB121AAD01}</UniqueIdentifier>
      <Extensions>rc;ico;cur;bmp;dlg;rc2;rct;bin;rgs;gif;jpg;jpeg;jpe;resx;tiff;tif;png;wav;mfcribbon-ms</Extensions>
    </Filter>
  </ItemGroup>
  <ItemGroup>
    <ClCompile Include="main.cpp">
      <Filter>Source Files</Filter>
    </ClCompile>
    <ClCompile Include="jump.cpp">
      <Filter>Source Files</Filter>
    </ClCompile>
  </ItemGroup>
  <ItemGroup>
    <Font Include="comic.ttf">
      <Filter>Source Files</Filter>
    </Font>
  </ItemGroup>
  <ItemGroup>
    <ClInclude Include="jump.h">
      <Filter>Header Files</Filter>
    </ClInclude>
  </ItemGroup>
  <ItemGroup>
    <Library Include="..\..\..\Desktop\University docs\Spring 2022\PIC 10C\SFML stuff\lib\flac.lib">
      <Filter>Source Files</Filter>
    </Library>
    <Library Include="..\..\..\Desktop\University docs\Spring 2022\PIC 10C\SFML stuff\lib\freetype.lib">
      <Filter>Source Files</Filter>
    </Library>
    <Library Include="..\..\..\Desktop\University docs\Spring 2022\PIC 10C\SFML stuff\lib\ogg.lib">
      <Filter>Source Files</Filter>
    </Library>
    <Library Include="..\..\..\Desktop\University docs\Spring 2022\PIC 10C\SFML stuff\lib\openal32.lib">
      <Filter>Source Files</Filter>
    </Library>
    <Library Include="..\..\..\Desktop\University docs\Spring 2022\PIC 10C\SFML stuff\lib\sfml-audio.lib">
      <Filter>Source Files</Filter>
    </Library>
    <Library Include="..\..\..\Desktop\University docs\Spring 2022\PIC 10C\SFML stuff\lib\sfml-audio-d.lib">
      <Filter>Source Files</Filter>
    </Library>
    <Library Include="..\..\..\Desktop\University docs\Spring 2022\PIC 10C\SFML stuff\lib\sfml-audio-s.lib">
      <Filter>Source Files</Filter>
    </Library>
    <Library Include="..\..\..\Desktop\University docs\Spring 2022\PIC 10C\SFML stuff\lib\sfml-audio-s-d.lib">
      <Filter>Source Files</Filter>
    </Library>
    <Library Include="..\..\..\Desktop\University docs\Spring 2022\PIC 10C\SFML stuff\lib\sfml-graphics.lib">
      <Filter>Source Files</Filter>
    </Library>
    <Library Include="..\..\..\Desktop\University docs\Spring 2022\PIC 10C\SFML stuff\lib\sfml-graphics-d.lib">
      <Filter>Source Files</Filter>
    </Library>
    <Library Include="..\..\..\Desktop\University docs\Spring 2022\PIC 10C\SFML stuff\lib\sfml-graphics-s.lib">
      <Filter>Source Files</Filter>
    </Library>
    <Library Include="..\..\..\Desktop\University docs\Spring 2022\PIC 10C\SFML stuff\lib\sfml-graphics-s-d.lib">
      <Filter>Source Files</Filter>
    </Library>
    <Library Include="..\..\..\Desktop\University docs\Spring 2022\PIC 10C\SFML stuff\lib\sfml-main.lib">
      <Filter>Source Files</Filter>
    </Library>
    <Library Include="..\..\..\Desktop\University docs\Spring 2022\PIC 10C\SFML stuff\lib\sfml-main-d.lib">
      <Filter>Source Files</Filter>
    </Library>
    <Library Include="..\..\..\Desktop\University docs\Spring 2022\PIC 10C\SFML stuff\lib\sfml-network.lib">
      <Filter>Source Files</Filter>
    </Library>
    <Library Include="..\..\..\Desktop\University docs\Spring 2022\PIC 10C\SFML stuff\lib\sfml-network-d.lib">
      <Filter>Source Files</Filter>
    </Library>
    <Library Include="..\..\..\Desktop\University docs\Spring 2022\PIC 10C\SFML stuff\lib\sfml-network-s.lib">
      <Filter>Source Files</Filter>
    </Library>
    <Library Include="..\..\..\Desktop\University docs\Spring 2022\PIC 10C\SFML stuff\lib\sfml-network-s-d.lib">
      <Filter>Source Files</Filter>
    </Library>
    <Library Include="..\..\..\Desktop\University docs\Spring 2022\PIC 10C\SFML stuff\lib\sfml-system.lib">
      <Filter>Source Files</Filter>
    </Library>
    <Library Include="..\..\..\Desktop\University docs\Spring 2022\PIC 10C\SFML stuff\lib\sfml-system-d.lib">
      <Filter>Source Files</Filter>
    </Library>
    <Library Include="..\..\..\Desktop\University docs\Spring 2022\PIC 10C\SFML stuff\lib\sfml-system-s.lib">
      <Filter>Source Files</Filter>
    </Library>
    <Library Include="..\..\..\Desktop\University docs\Spring 2022\PIC 10C\SFML stuff\lib\sfml-system-s-d.lib">
      <Filter>Source Files</Filter>
    </Library>
    <Library Include="..\..\..\Desktop\University docs\Spring 2022\PIC 10C\SFML stuff\lib\sfml-window.lib">
      <Filter>Source Files</Filter>
    </Library>
    <Library Include="..\..\..\Desktop\University docs\Spring 2022\PIC 10C\SFML stuff\lib\sfml-window-d.lib">
      <Filter>Source Files</Filter>
    </Library>
    <Library Include="..\..\..\Desktop\University docs\Spring 2022\PIC 10C\SFML stuff\lib\sfml-window-s.lib">
      <Filter>Source Files</Filter>
    </Library>
    <Library Include="..\..\..\Desktop\University docs\Spring 2022\PIC 10C\SFML stuff\lib\sfml-window-s-d.lib">
      <Filter>Source Files</Filter>
    </Library>
    <Library Include="..\..\..\Desktop\University docs\Spring 2022\PIC 10C\SFML stuff\lib\vorbis.lib">
      <Filter>Source Files</Filter>
    </Library>
    <Library Include="..\..\..\Desktop\University docs\Spring 2022\PIC 10C\SFML stuff\lib\vorbisenc.lib">
      <Filter>Source Files</Filter>
    </Library>
    <Library Include="..\..\..\Desktop\University docs\Spring 2022\PIC 10C\SFML stuff\lib\vorbisfile.lib">
      <Filter>Source Files</Filter>
    </Library>
  </ItemGroup>
  <ItemGroup>
    <None Include="..\..\..\Desktop\University docs\Spring 2022\PIC 10C\SFML stuff\lib\sfml-audio-d.pdb">
      <Filter>Source Files</Filter>
    </None>
    <None Include="..\..\..\Desktop\University docs\Spring 2022\PIC 10C\SFML stuff\lib\sfml-audio-s-d.pdb">
      <Filter>Source Files</Filter>
    </None>
    <None Include="..\..\..\Desktop\University docs\Spring 2022\PIC 10C\SFML stuff\lib\sfml-graphics-d.pdb">
      <Filter>Source Files</Filter>
    </None>
    <None Include="..\..\..\Desktop\University docs\Spring 2022\PIC 10C\SFML stuff\lib\sfml-graphics-s-d.pdb">
      <Filter>Source Files</Filter>
    </None>
    <None Include="..\..\..\Desktop\University docs\Spring 2022\PIC 10C\SFML stuff\lib\sfml-main-s-d.pdb">
      <Filter>Source Files</Filter>
    </None>
    <None Include="..\..\..\Desktop\University docs\Spring 2022\PIC 10C\SFML stuff\lib\sfml-network-d.pdb">
      <Filter>Source Files</Filter>
    </None>
    <None Include="..\..\..\Desktop\University docs\Spring 2022\PIC 10C\SFML stuff\lib\sfml-network-s-d.pdb">
      <Filter>Source Files</Filter>
    </None>
    <None Include="..\..\..\Desktop\University docs\Spring 2022\PIC 10C\SFML stuff\lib\sfml-system-d.pdb">
      <Filter>Source Files</Filter>
    </None>
    <None Include="..\..\..\Desktop\University docs\Spring 2022\PIC 10C\SFML stuff\lib\sfml-system-s-d.pdb">
      <Filter>Source Files</Filter>
    </None>
    <None Include="..\..\..\Desktop\University docs\Spring 2022\PIC 10C\SFML stuff\lib\sfml-window-d.pdb">
      <Filter>Source Files</Filter>
    </None>
    <None Include="..\..\..\Desktop\University docs\Spring 2022\PIC 10C\SFML stuff\lib\sfml-window-s-d.pdb">
      <Filter>Source Files</Filter>
    </None>
  </ItemGroup>
</Project>